{
  "version": 4,
  "terraform_version": "1.0.4",
  "serial": 126,
  "lineage": "c797c53a-6695-1c3f-9a82-1e910d3f2a08",
  "outputs": {},
  "resources": [
    {
      "mode": "data",
      "type": "aws_ami",
      "name": "cloudops_amazon_linux_2_ami",
      "provider": "provider[\"registry.terraform.io/hashicorp/aws\"]",
      "instances": [
        {
          "schema_version": 0,
          "attributes": {
            "architecture": "x86_64",
            "arn": "arn:aws:ec2:ap-northeast-1::image/ami-0ae891cf550147b19",
            "block_device_mappings": [
              {
                "device_name": "/dev/xvda",
                "ebs": {
                  "delete_on_termination": "true",
                  "encrypted": "false",
                  "iops": "0",
                  "snapshot_id": "snap-03680f2b2c0474345",
                  "throughput": "0",
                  "volume_size": "8",
                  "volume_type": "standard"
                },
                "no_device": "",
                "virtual_name": ""
              }
            ],
            "creation_date": "2021-07-27T06:10:47.000Z",
            "description": "Amazon Linux 2 AMI 2.0.20210721.2 x86_64 HVM ebs",
            "ena_support": true,
            "executable_users": null,
            "filter": [
              {
                "name": "name",
                "values": [
                  "amzn2-ami-hvm-*-x86_64-ebs"
                ]
              }
            ],
            "hypervisor": "xen",
            "id": "ami-0ae891cf550147b19",
            "image_id": "ami-0ae891cf550147b19",
            "image_location": "amazon/amzn2-ami-hvm-2.0.20210721.2-x86_64-ebs",
            "image_owner_alias": "amazon",
            "image_type": "machine",
            "kernel_id": null,
            "most_recent": true,
            "name": "amzn2-ami-hvm-2.0.20210721.2-x86_64-ebs",
            "name_regex": null,
            "owner_id": "137112412989",
            "owners": [
              "amazon"
            ],
            "platform": null,
            "platform_details": "Linux/UNIX",
            "product_codes": [],
            "public": true,
            "ramdisk_id": null,
            "root_device_name": "/dev/xvda",
            "root_device_type": "ebs",
            "root_snapshot_id": "snap-03680f2b2c0474345",
            "sriov_net_support": "simple",
            "state": "available",
            "state_reason": {
              "code": "UNSET",
              "message": "UNSET"
            },
            "tags": {},
            "usage_operation": "RunInstances",
            "virtualization_type": "hvm"
          },
          "sensitive_attributes": []
        }
      ]
    },
    {
      "mode": "data",
      "type": "aws_subnet_ids",
      "name": "primary_vpc_subnets",
      "provider": "provider[\"registry.terraform.io/hashicorp/aws\"]",
      "instances": [
        {
          "schema_version": 0,
          "attributes": {
            "filter": [
              {
                "name": "tag:Name",
                "values": [
                  "*private*"
                ]
              }
            ],
            "id": "vpc-0fed69fe2c6deaf5a",
            "ids": [
              "subnet-09213dfc1f178fa7e",
              "subnet-097a9362dab87855a"
            ],
            "tags": null,
            "vpc_id": "vpc-0fed69fe2c6deaf5a"
          },
          "sensitive_attributes": []
        }
      ]
    },
    {
      "mode": "data",
      "type": "aws_vpc",
      "name": "primary_vpc",
      "provider": "provider[\"registry.terraform.io/hashicorp/aws\"]",
      "instances": [
        {
          "schema_version": 0,
          "attributes": {
            "arn": "arn:aws:ec2:ap-northeast-1:891528524580:vpc/vpc-0fed69fe2c6deaf5a",
            "cidr_block": "10.58.140.0/25",
            "cidr_block_associations": [
              {
                "association_id": "vpc-cidr-assoc-0fbe8fe4feb19c9cb",
                "cidr_block": "10.58.140.0/25",
                "state": "associated"
              }
            ],
            "default": false,
            "dhcp_options_id": "dopt-0e4f56c527c2d722b",
            "enable_dns_hostnames": true,
            "enable_dns_support": true,
            "filter": null,
            "id": "vpc-0fed69fe2c6deaf5a",
            "instance_tenancy": "default",
            "ipv6_association_id": null,
            "ipv6_cidr_block": null,
            "main_route_table_id": "rtb-09319552b410fb5c7",
            "owner_id": "891528524580",
            "state": "available",
            "tags": {
              "Name": "npactsandbox-filvpc01-vpc",
              "Owner": "cloudops"
            }
          },
          "sensitive_attributes": []
        }
      ]
    },
    {
      "mode": "data",
      "type": "aws_vpcs",
      "name": "primary_vpc",
      "provider": "provider[\"registry.terraform.io/hashicorp/aws\"]",
      "instances": [
        {
          "schema_version": 0,
          "attributes": {
            "filter": [
              {
                "name": "tag:Name",
                "values": [
                  "npactsandbox-filvpc01-vpc"
                ]
              }
            ],
            "id": "ap-northeast-1",
            "ids": [
              "vpc-0fed69fe2c6deaf5a"
            ],
            "tags": null
          },
          "sensitive_attributes": []
        }
      ]
    },
    {
      "mode": "managed",
      "type": "aws_instance",
      "name": "ec2_instance",
      "provider": "provider[\"registry.terraform.io/hashicorp/aws\"]",
      "instances": [
        {
          "schema_version": 1,
          "attributes": {
            "ami": "ami-0df99b3a8349462c6",
            "arn": "arn:aws:ec2:ap-northeast-1:891528524580:instance/i-0b52e837e299f2253",
            "associate_public_ip_address": true,
            "availability_zone": "ap-northeast-1a",
            "capacity_reservation_specification": [
              {
                "capacity_reservation_preference": "open",
                "capacity_reservation_target": []
              }
            ],
            "cpu_core_count": 1,
            "cpu_threads_per_core": 1,
            "credit_specification": [
              {
                "cpu_credits": "standard"
              }
            ],
            "disable_api_termination": false,
            "ebs_block_device": [],
            "ebs_optimized": false,
            "enclave_options": [
              {
                "enabled": false
              }
            ],
            "ephemeral_block_device": [],
            "get_password_data": false,
            "hibernation": false,
            "host_id": null,
            "iam_instance_profile": "route53-role",
            "id": "i-0b52e837e299f2253",
            "instance_initiated_shutdown_behavior": "stop",
            "instance_state": "running",
            "instance_type": "t2.micro",
            "ipv6_address_count": 0,
            "ipv6_addresses": [],
            "key_name": "myKeyPair",
            "launch_template": [],
            "metadata_options": [
              {
                "http_endpoint": "enabled",
                "http_put_response_hop_limit": 1,
                "http_tokens": "optional"
              }
            ],
            "monitoring": false,
            "network_interface": [],
            "outpost_arn": "",
            "password_data": "",
            "placement_group": "",
            "primary_network_interface_id": "eni-080196594e9891096",
            "private_dns": "ip-10-58-140-12.ap-northeast-1.compute.internal",
            "private_ip": "10.58.140.12",
            "public_dns": "ec2-54-238-253-141.ap-northeast-1.compute.amazonaws.com",
            "public_ip": "54.238.253.141",
            "root_block_device": [
              {
                "delete_on_termination": true,
                "device_name": "/dev/sda1",
                "encrypted": true,
                "iops": 100,
                "kms_key_id": "arn:aws:kms:ap-northeast-1:891528524580:key/f3df8e8a-84f1-409a-9d25-473489d2d4dd",
                "tags": {},
                "throughput": 0,
                "volume_id": "vol-0af30951d4e62fdcf",
                "volume_size": 8,
                "volume_type": "gp2"
              }
            ],
            "secondary_private_ips": [],
            "security_groups": [],
            "source_dest_check": true,
            "subnet_id": "subnet-097a9362dab87855a",
            "tags": {
              "app_id": "route53",
              "chargeback_id": "sandbox",
              "environment": "master",
              "product": "route53 records test"
            },
            "tags_all": {
              "app_id": "route53",
              "chargeback_id": "sandbox",
              "environment": "master",
              "product": "route53 records test"
            },
            "tenancy": "default",
            "timeouts": null,
            "user_data": "b2f1cefb43bf508f4dd368b3468a4ebef56b2266",
            "user_data_base64": null,
            "volume_tags": null,
            "vpc_security_group_ids": [
              "sg-0d5b954d18aa27305"
            ]
          },
          "sensitive_attributes": [],
          "private": "eyJlMmJmYjczMC1lY2FhLTExZTYtOGY4OC0zNDM2M2JjN2M0YzAiOnsiY3JlYXRlIjo2MDAwMDAwMDAwMDAsImRlbGV0ZSI6MTIwMDAwMDAwMDAwMCwidXBkYXRlIjo2MDAwMDAwMDAwMDB9LCJzY2hlbWFfdmVyc2lvbiI6IjEifQ==",
          "dependencies": [
            "data.aws_vpcs.primary_vpc",
            "module.ec2_iam_role.aws_iam_instance_profile.instance_profile",
            "module.ec2_iam_role.aws_iam_role.role",
            "module.web_server_sg.aws_security_group.vpc_security_group"
          ]
        }
      ]
    },
    {
      "module": "module.ec2_iam_role",
      "mode": "managed",
      "type": "aws_iam_instance_profile",
      "name": "instance_profile",
      "provider": "provider[\"registry.terraform.io/hashicorp/aws\"]",
      "instances": [
        {
          "index_key": 0,
          "schema_version": 0,
          "attributes": {
            "arn": "arn:aws:iam::891528524580:instance-profile/route53-role",
            "create_date": "2021-08-24T00:57:22Z",
            "id": "route53-role",
            "name": "route53-role",
            "name_prefix": null,
            "path": "/",
            "role": "route53-role",
            "tags": {
              "chargeback_id": "route53",
              "env": "master",
              "product": "route53 records test"
            },
            "tags_all": {
              "chargeback_id": "route53",
              "env": "master",
              "product": "route53 records test"
            },
            "unique_id": "AIPA47EZ5WMSMCDVFF2AS"
          },
          "sensitive_attributes": [],
          "private": "bnVsbA==",
          "dependencies": [
            "module.ec2_iam_role.aws_iam_role.role"
          ]
        }
      ]
    },
    {
      "module": "module.ec2_iam_role",
      "mode": "managed",
      "type": "aws_iam_role",
      "name": "role",
      "provider": "provider[\"registry.terraform.io/hashicorp/aws\"]",
      "instances": [
        {
          "schema_version": 0,
          "attributes": {
            "arn": "arn:aws:iam::891528524580:role/route53-role",
            "assume_role_policy": "{\"Version\":\"2012-10-17\",\"Statement\":[{\"Effect\":\"Allow\",\"Principal\":{\"Service\":\"ec2.amazonaws.com\"},\"Action\":\"sts:AssumeRole\"}]}",
            "create_date": "2021-08-24T00:57:19Z",
            "description": "Route53 role",
            "force_detach_policies": false,
            "id": "route53-role",
            "inline_policy": [
              {
                "name": "codedeploy-policy",
                "policy": "{\"Statement\":[{\"Action\":[\"autoscaling:*\",\"codedeploy:*\",\"ec2:*\",\"lambda:*\",\"ecs:*\",\"elasticloadbalancing:*\",\"iam:AddRoleToInstanceProfile\",\"iam:AttachRolePolicy\",\"iam:CreateInstanceProfile\",\"iam:CreateRole\",\"iam:DeleteInstanceProfile\",\"iam:DeleteRole\",\"iam:DeleteRolePolicy\",\"iam:GetInstanceProfile\",\"iam:GetRole\",\"iam:GetRolePolicy\",\"iam:ListInstanceProfilesForRole\",\"iam:ListRolePolicies\",\"iam:ListRoles\",\"iam:PassRole\",\"iam:PutRolePolicy\",\"iam:RemoveRoleFromInstanceProfile\",\"s3:*\",\"ssm:*\"],\"Effect\":\"Allow\",\"Resource\":\"*\"}],\"Version\":\"2012-10-17\"}"
              }
            ],
            "managed_policy_arns": [
              "arn:aws:iam::aws:policy/AmazonSSMManagedInstanceCore"
            ],
            "max_session_duration": 3600,
            "name": "route53-role",
            "name_prefix": null,
            "path": "/",
            "permissions_boundary": null,
            "tags": {
              "chargeback_id": "route53",
              "env": "master",
              "product": "route53 records test"
            },
            "tags_all": {
              "chargeback_id": "route53",
              "env": "master",
              "product": "route53 records test"
            },
            "unique_id": "AROA47EZ5WMSHS3PWHHLQ"
          },
          "sensitive_attributes": [],
          "private": "bnVsbA=="
        }
      ]
    },
    {
      "module": "module.records",
      "mode": "data",
      "type": "aws_route53_zone",
      "name": "route53_zone",
      "provider": "provider[\"registry.terraform.io/hashicorp/aws\"]",
      "instances": [
        {
          "index_key": 0,
          "schema_version": 0,
          "attributes": {
            "caller_reference": "terraform-20210824005718687000000001",
            "comment": "app.terraform-aws-modules-example.com",
            "id": "Z08677731M4IO1URVDHDR",
            "linked_service_description": null,
            "linked_service_principal": null,
            "name": "app.terraform-aws-modules-route53-example.com",
            "name_servers": [
              "ns-0.awsdns-00.com.",
              "ns-1024.awsdns-00.org.",
              "ns-1536.awsdns-00.co.uk.",
              "ns-512.awsdns-00.net."
            ],
            "private_zone": true,
            "resource_record_set_count": 9,
            "tags": {
              "Name": "app.terraform-aws-modules-example.com",
              "chargeback_id": "sandbox",
              "env": "master",
              "product": "route53 records test"
            },
            "vpc_id": null,
            "zone_id": "Z08677731M4IO1URVDHDR"
          },
          "sensitive_attributes": []
        }
      ]
    },
    {
      "module": "module.records",
      "mode": "managed",
      "type": "aws_route53_record",
      "name": "route53_record",
      "provider": "provider[\"registry.terraform.io/hashicorp/aws\"]",
      "instances": [
        {
          "index_key": 0,
          "schema_version": 2,
          "attributes": {
            "alias": [],
            "allow_overwrite": null,
            "failover_routing_policy": [],
            "fqdn": "simple.app.terraform-aws-modules-route53-example.com",
            "geolocation_routing_policy": [],
            "health_check_id": "",
            "id": "Z08677731M4IO1URVDHDR_simple.app.terraform-aws-modules-route53-example.com_A",
            "latency_routing_policy": [],
            "multivalue_answer_routing_policy": null,
            "name": "simple.app.terraform-aws-modules-route53-example.com",
            "records": [
              "10.10.10.10"
            ],
            "set_identifier": "",
            "ttl": 3600,
            "type": "A",
            "weighted_routing_policy": [],
            "zone_id": "Z08677731M4IO1URVDHDR"
          },
          "sensitive_attributes": [],
          "private": "eyJzY2hlbWFfdmVyc2lvbiI6IjIifQ==",
          "dependencies": [
            "data.aws_vpc.primary_vpc",
            "data.aws_vpcs.primary_vpc",
            "module.records.data.aws_route53_zone.route53_zone",
            "module.route53-zone.aws_route53_zone.route53_zone"
          ]
        },
        {
          "index_key": 1,
          "schema_version": 2,
          "attributes": {
            "alias": [],
            "allow_overwrite": null,
            "failover_routing_policy": [],
            "fqdn": "weight.app.terraform-aws-modules-route53-example.com",
            "geolocation_routing_policy": [],
            "health_check_id": "",
            "id": "Z08677731M4IO1URVDHDR_weight.app.terraform-aws-modules-route53-example.com_CNAME_test-weighted-1",
            "latency_routing_policy": [],
            "multivalue_answer_routing_policy": null,
            "name": "weight.app.terraform-aws-modules-route53-example.com",
            "records": [
              "11.11.11.11"
            ],
            "set_identifier": "test-weighted-1",
            "ttl": 5,
            "type": "CNAME",
            "weighted_routing_policy": [
              {
                "weight": 50
              }
            ],
            "zone_id": "Z08677731M4IO1URVDHDR"
          },
          "sensitive_attributes": [],
          "private": "eyJzY2hlbWFfdmVyc2lvbiI6IjIifQ==",
          "dependencies": [
            "data.aws_vpc.primary_vpc",
            "data.aws_vpcs.primary_vpc",
            "module.records.data.aws_route53_zone.route53_zone",
            "module.route53-zone.aws_route53_zone.route53_zone"
          ]
        },
        {
          "index_key": 2,
          "schema_version": 2,
          "attributes": {
            "alias": [],
            "allow_overwrite": null,
            "failover_routing_policy": [],
            "fqdn": "weight.app.terraform-aws-modules-route53-example.com",
            "geolocation_routing_policy": [],
            "health_check_id": "",
            "id": "Z08677731M4IO1URVDHDR_weight.app.terraform-aws-modules-route53-example.com_CNAME_test-weighted-2",
            "latency_routing_policy": [],
            "multivalue_answer_routing_policy": null,
            "name": "weight.app.terraform-aws-modules-route53-example.com",
            "records": [
              "11.11.11.12"
            ],
            "set_identifier": "test-weighted-2",
            "ttl": 5,
            "type": "CNAME",
            "weighted_routing_policy": [
              {
                "weight": 50
              }
            ],
            "zone_id": "Z08677731M4IO1URVDHDR"
          },
          "sensitive_attributes": [],
          "private": "eyJzY2hlbWFfdmVyc2lvbiI6IjIifQ==",
          "dependencies": [
            "module.records.data.aws_route53_zone.route53_zone",
            "module.route53-zone.aws_route53_zone.route53_zone",
            "data.aws_vpc.primary_vpc",
            "data.aws_vpcs.primary_vpc"
          ]
        },
        {
          "index_key": 3,
          "schema_version": 2,
          "attributes": {
            "alias": [],
            "allow_overwrite": null,
            "failover_routing_policy": [],
            "fqdn": "latency.app.terraform-aws-modules-route53-example.com",
            "geolocation_routing_policy": [],
            "health_check_id": "",
            "id": "Z08677731M4IO1URVDHDR_latency.app.terraform-aws-modules-route53-example.com_CNAME_test-latency-1",
            "latency_routing_policy": [
              {
                "region": "ap-east-1"
              }
            ],
            "multivalue_answer_routing_policy": null,
            "name": "latency.app.terraform-aws-modules-route53-example.com",
            "records": [
              "22.22.22.22"
            ],
            "set_identifier": "test-latency-1",
            "ttl": 5,
            "type": "CNAME",
            "weighted_routing_policy": [],
            "zone_id": "Z08677731M4IO1URVDHDR"
          },
          "sensitive_attributes": [],
          "private": "eyJzY2hlbWFfdmVyc2lvbiI6IjIifQ==",
          "dependencies": [
            "data.aws_vpcs.primary_vpc",
            "module.records.data.aws_route53_zone.route53_zone",
            "module.route53-zone.aws_route53_zone.route53_zone",
            "data.aws_vpc.primary_vpc"
          ]
        },
        {
          "index_key": 4,
          "schema_version": 2,
          "attributes": {
            "alias": [],
            "allow_overwrite": null,
            "failover_routing_policy": [],
            "fqdn": "latency.app.terraform-aws-modules-route53-example.com",
            "geolocation_routing_policy": [],
            "health_check_id": "",
            "id": "Z08677731M4IO1URVDHDR_latency.app.terraform-aws-modules-route53-example.com_CNAME_test-latency-2",
            "latency_routing_policy": [
              {
                "region": "ap-northeast-1"
              }
            ],
            "multivalue_answer_routing_policy": null,
            "name": "latency.app.terraform-aws-modules-route53-example.com",
            "records": [
              "22.22.22.23"
            ],
            "set_identifier": "test-latency-2",
            "ttl": 5,
            "type": "CNAME",
            "weighted_routing_policy": [],
            "zone_id": "Z08677731M4IO1URVDHDR"
          },
          "sensitive_attributes": [],
          "private": "eyJzY2hlbWFfdmVyc2lvbiI6IjIifQ==",
          "dependencies": [
            "data.aws_vpc.primary_vpc",
            "data.aws_vpcs.primary_vpc",
            "module.records.data.aws_route53_zone.route53_zone",
            "module.route53-zone.aws_route53_zone.route53_zone"
          ]
        },
        {
          "index_key": 5,
          "schema_version": 2,
          "attributes": {
            "alias": [],
            "allow_overwrite": null,
            "failover_routing_policy": [],
            "fqdn": "geolocation.app.terraform-aws-modules-route53-example.com",
            "geolocation_routing_policy": [
              {
                "continent": "",
                "country": "JP",
                "subdivision": ""
              }
            ],
            "health_check_id": "",
            "id": "Z08677731M4IO1URVDHDR_geolocation.app.terraform-aws-modules-route53-example.com_CNAME_test-geolocation-1",
            "latency_routing_policy": [],
            "multivalue_answer_routing_policy": null,
            "name": "geolocation.app.terraform-aws-modules-route53-example.com",
            "records": [
              "33.33.33.34"
            ],
            "set_identifier": "test-geolocation-1",
            "ttl": 5,
            "type": "CNAME",
            "weighted_routing_policy": [],
            "zone_id": "Z08677731M4IO1URVDHDR"
          },
          "sensitive_attributes": [],
          "private": "eyJzY2hlbWFfdmVyc2lvbiI6IjIifQ==",
          "dependencies": [
            "module.records.data.aws_route53_zone.route53_zone"
          ]
        },
        {
          "index_key": 6,
          "schema_version": 2,
          "attributes": {
            "alias": [],
            "allow_overwrite": null,
            "failover_routing_policy": [],
            "fqdn": "geolocation.app.terraform-aws-modules-route53-example.com",
            "geolocation_routing_policy": [
              {
                "continent": "",
                "country": "CN",
                "subdivision": ""
              }
            ],
            "health_check_id": "",
            "id": "Z08677731M4IO1URVDHDR_geolocation.app.terraform-aws-modules-route53-example.com_CNAME_test-geolocation-2",
            "latency_routing_policy": [],
            "multivalue_answer_routing_policy": null,
            "name": "geolocation.app.terraform-aws-modules-route53-example.com",
            "records": [
              "33.33.33.33"
            ],
            "set_identifier": "test-geolocation-2",
            "ttl": 5,
            "type": "CNAME",
            "weighted_routing_policy": [],
            "zone_id": "Z08677731M4IO1URVDHDR"
          },
          "sensitive_attributes": [],
          "private": "eyJzY2hlbWFfdmVyc2lvbiI6IjIifQ==",
          "dependencies": [
            "module.records.data.aws_route53_zone.route53_zone"
          ]
        }
      ]
    },
    {
      "module": "module.route53-zone",
      "mode": "managed",
      "type": "aws_route53_zone",
      "name": "route53_zone",
      "provider": "provider[\"registry.terraform.io/hashicorp/aws\"]",
      "instances": [
        {
          "schema_version": 0,
          "attributes": {
            "comment": "app.terraform-aws-modules-example.com",
            "delegation_set_id": "",
            "force_destroy": false,
            "id": "Z08677731M4IO1URVDHDR",
            "name": "app.terraform-aws-modules-route53-example.com",
            "name_servers": [
              "ns-0.awsdns-00.com.",
              "ns-1024.awsdns-00.org.",
              "ns-1536.awsdns-00.co.uk.",
              "ns-512.awsdns-00.net."
            ],
            "tags": {
              "Name": "app.terraform-aws-modules-example.com",
              "chargeback_id": "sandbox",
              "env": "master",
              "product": "route53 records test"
            },
            "tags_all": {
              "Name": "app.terraform-aws-modules-example.com",
              "chargeback_id": "sandbox",
              "env": "master",
              "product": "route53 records test"
            },
            "vpc": [
              {
                "vpc_id": "vpc-0fed69fe2c6deaf5a",
                "vpc_region": "ap-northeast-1"
              }
            ],
            "zone_id": "Z08677731M4IO1URVDHDR"
          },
          "sensitive_attributes": [],
          "private": "bnVsbA==",
          "dependencies": [
            "data.aws_vpcs.primary_vpc",
            "data.aws_vpc.primary_vpc"
          ]
        }
      ]
    },
    {
      "module": "module.web_server_sg",
      "mode": "managed",
      "type": "aws_security_group",
      "name": "vpc_security_group",
      "provider": "provider[\"registry.terraform.io/hashicorp/aws\"]",
      "instances": [
        {
          "schema_version": 1,
          "attributes": {
            "arn": "arn:aws:ec2:ap-northeast-1:891528524580:security-group/sg-0d5b954d18aa27305",
            "description": "EC2",
            "egress": [
              {
                "cidr_blocks": [
                  "0.0.0.0/0"
                ],
                "description": "http api",
                "from_port": 0,
                "ipv6_cidr_blocks": [],
                "prefix_list_ids": [],
                "protocol": "tcp",
                "security_groups": [],
                "self": false,
                "to_port": 65535
              }
            ],
            "id": "sg-0d5b954d18aa27305",
            "ingress": [
              {
                "cidr_blocks": [
                  "0.0.0.0/0"
                ],
                "description": "http api",
                "from_port": 0,
                "ipv6_cidr_blocks": [],
                "prefix_list_ids": [],
                "protocol": "tcp",
                "security_groups": [],
                "self": false,
                "to_port": 65535
              }
            ],
            "name": "default-route53 records test-master-web-sg",
            "name_prefix": "",
            "owner_id": "891528524580",
            "revoke_rules_on_delete": false,
            "tags": {
              "Name": "default-route53 records test-master-web-sg",
              "chargeback_id": "route53",
              "env": "master",
              "product": "route53 records test"
            },
            "tags_all": {
              "Name": "default-route53 records test-master-web-sg",
              "chargeback_id": "route53",
              "env": "master",
              "product": "route53 records test"
            },
            "timeouts": null,
            "vpc_id": "vpc-0fed69fe2c6deaf5a"
          },
          "sensitive_attributes": [],
          "private": "eyJlMmJmYjczMC1lY2FhLTExZTYtOGY4OC0zNDM2M2JjN2M0YzAiOnsiY3JlYXRlIjo2MDAwMDAwMDAwMDAsImRlbGV0ZSI6OTAwMDAwMDAwMDAwfSwic2NoZW1hX3ZlcnNpb24iOiIxIn0=",
          "dependencies": [
            "data.aws_vpcs.primary_vpc"
          ]
        }
      ]
    },
    {
      "module": "module.web_server_sg.module.rules[0]",
      "mode": "managed",
      "type": "aws_security_group_rule",
      "name": "rule",
      "provider": "provider[\"registry.terraform.io/hashicorp/aws\"]",
      "instances": [
        {
          "schema_version": 2,
          "attributes": {
            "cidr_blocks": [
              "0.0.0.0/0"
            ],
            "description": "http api",
            "from_port": 0,
            "id": "sgrule-262387645",
            "ipv6_cidr_blocks": [],
            "prefix_list_ids": [],
            "protocol": "tcp",
            "security_group_id": "sg-0d5b954d18aa27305",
            "self": false,
            "source_security_group_id": null,
            "to_port": 65535,
            "type": "ingress"
          },
          "sensitive_attributes": [],
          "private": "eyJzY2hlbWFfdmVyc2lvbiI6IjIifQ==",
          "dependencies": [
            "data.aws_vpcs.primary_vpc",
            "module.web_server_sg.aws_security_group.vpc_security_group"
          ]
        }
      ]
    },
    {
      "module": "module.web_server_sg.module.rules[1]",
      "mode": "managed",
      "type": "aws_security_group_rule",
      "name": "rule",
      "provider": "provider[\"registry.terraform.io/hashicorp/aws\"]",
      "instances": [
        {
          "schema_version": 2,
          "attributes": {
            "cidr_blocks": [
              "0.0.0.0/0"
            ],
            "description": "http api",
            "from_port": 0,
            "id": "sgrule-2845383711",
            "ipv6_cidr_blocks": [],
            "prefix_list_ids": [],
            "protocol": "tcp",
            "security_group_id": "sg-0d5b954d18aa27305",
            "self": false,
            "source_security_group_id": null,
            "to_port": 65535,
            "type": "egress"
          },
          "sensitive_attributes": [],
          "private": "eyJzY2hlbWFfdmVyc2lvbiI6IjIifQ==",
          "dependencies": [
            "data.aws_vpcs.primary_vpc",
            "module.web_server_sg.aws_security_group.vpc_security_group"
          ]
        }
      ]
    }
  ]
}
